<?xml version="1.0" encoding="utf-8"?>
<Project ToolsVersion="4.0" xmlns="http://schemas.microsoft.com/developer/msbuild/2003">
  <ItemGroup>
    <ClCompile Include="Source\SoundController\SoundController.cpp">
      <Filter>SoundController</Filter>
    </ClCompile>
    <ClCompile Include="Source\SoundController\SoundInfo.cpp">
      <Filter>SoundController</Filter>
    </ClCompile>
    <ClCompile Include="Source\CameraEffects\ArmorBar.cpp">
      <Filter>CameraEffects</Filter>
    </ClCompile>
    <ClCompile Include="Source\CameraEffects\CameraEffects.cpp">
      <Filter>CameraEffects</Filter>
    </ClCompile>
    <ClCompile Include="Source\CameraEffects\InfectionBar.cpp">
      <Filter>CameraEffects</Filter>
    </ClCompile>
    <ClCompile Include="Source\CSVReader\CSVReader.cpp">
      <Filter>CSVReader</Filter>
    </ClCompile>
    <ClCompile Include="Source\CSVWriter\CSVWriter.cpp">
      <Filter>CSVWriter</Filter>
    </ClCompile>
    <ClCompile Include="Source\Minimap\Minimap.cpp">
      <Filter>Minimap</Filter>
    </ClCompile>
    <ClCompile Include="Source\Scene3D\AmmoPickup.cpp">
      <Filter>Scene3D</Filter>
    </ClCompile>
    <ClCompile Include="Source\Application.cpp">
      <Filter>Scene3D</Filter>
    </ClCompile>
    <ClCompile Include="Source\Scene3D\ArmorPickup.cpp">
      <Filter>Scene3D</Filter>
    </ClCompile>
    <ClCompile Include="Source\Scene3D\Camera.cpp">
      <Filter>Scene3D</Filter>
    </ClCompile>
    <ClCompile Include="Source\Scene3D\Enemy3D.cpp">
      <Filter>Scene3D</Filter>
    </ClCompile>
    <ClCompile Include="Source\Scene3D\Enemy3D2.cpp">
      <Filter>Scene3D</Filter>
    </ClCompile>
    <ClCompile Include="Source\Scene3D\Enemy3D3.cpp">
      <Filter>Scene3D</Filter>
    </ClCompile>
    <ClCompile Include="Source\Scene3D\EnemyBoss3D.cpp">
      <Filter>Scene3D</Filter>
    </ClCompile>
    <ClCompile Include="Source\Scene3D\EntityManager.cpp">
      <Filter>Scene3D</Filter>
    </ClCompile>
    <ClCompile Include="Source\Scene3D\FreezeMovement.cpp">
      <Filter>Scene3D</Filter>
    </ClCompile>
    <ClCompile Include="Source\Scene3D\GroundMap.cpp">
      <Filter>Scene3D</Filter>
    </ClCompile>
    <ClCompile Include="Source\Scene3D\GroundTile.cpp">
      <Filter>Scene3D</Filter>
    </ClCompile>
    <ClCompile Include="Source\Scene3D\HealthPickup.cpp">
      <Filter>Scene3D</Filter>
    </ClCompile>
    <ClCompile Include="Source\Scene3D\Invincibility.cpp">
      <Filter>Scene3D</Filter>
    </ClCompile>
    <ClCompile Include="Source\main.cpp">
      <Filter>Scene3D</Filter>
    </ClCompile>
    <ClCompile Include="Source\Scene3D\MinigunPickup.cpp">
      <Filter>Scene3D</Filter>
    </ClCompile>
    <ClCompile Include="Source\Scene3D\Physics3D.cpp">
      <Filter>Scene3D</Filter>
    </ClCompile>
    <ClCompile Include="Source\Scene3D\Player3D.cpp">
      <Filter>Scene3D</Filter>
    </ClCompile>
    <ClCompile Include="Source\Scene3D\RiflePickup.cpp">
      <Filter>Scene3D</Filter>
    </ClCompile>
    <ClCompile Include="Source\Scene3D\Scene3D.cpp">
      <Filter>Scene3D</Filter>
    </ClCompile>
    <ClCompile Include="Source\Scene3D\SkyBox.cpp">
      <Filter>Scene3D</Filter>
    </ClCompile>
    <ClCompile Include="Source\Scene3D\SMGPickup.cpp">
      <Filter>Scene3D</Filter>
    </ClCompile>
    <ClCompile Include="Source\Scene3D\Structure3D.cpp">
      <Filter>Scene3D</Filter>
    </ClCompile>
    <ClCompile Include="Source\Scene3D\Structure3D_2.cpp">
      <Filter>Scene3D</Filter>
    </ClCompile>
    <ClCompile Include="Source\Scene3D\Structure3D_Tower.cpp">
      <Filter>Scene3D</Filter>
    </ClCompile>
    <ClCompile Include="Source\Scene3D\WeaponInfo\BarrelAttachment.cpp">
      <Filter>Scene3D\WeaponInfo</Filter>
    </ClCompile>
    <ClCompile Include="Source\Scene3D\WeaponInfo\MagazineAttachment.cpp">
      <Filter>Scene3D\WeaponInfo</Filter>
    </ClCompile>
    <ClCompile Include="Source\Scene3D\WeaponInfo\Minigun.cpp">
      <Filter>Scene3D\WeaponInfo</Filter>
    </ClCompile>
    <ClCompile Include="Source\Scene3D\WeaponInfo\Pistol.cpp">
      <Filter>Scene3D\WeaponInfo</Filter>
    </ClCompile>
    <ClCompile Include="Source\Scene3D\WeaponInfo\Projectile.cpp">
      <Filter>Scene3D\WeaponInfo</Filter>
    </ClCompile>
    <ClCompile Include="Source\Scene3D\WeaponInfo\Rifle.cpp">
      <Filter>Scene3D\WeaponInfo</Filter>
    </ClCompile>
    <ClCompile Include="Source\Scene3D\WeaponInfo\SMG.cpp">
      <Filter>Scene3D\WeaponInfo</Filter>
    </ClCompile>
    <ClCompile Include="Source\Scene3D\WeaponInfo\WeaponInfo.cpp">
      <Filter>Scene3D\WeaponInfo</Filter>
    </ClCompile>
    <ClCompile Include="Source\Scene3D\CrossHair\BarrelHUD.cpp">
      <Filter>Scene3D\CrossHair</Filter>
    </ClCompile>
    <ClCompile Include="Source\Scene3D\CrossHair\CrossHair.cpp">
      <Filter>Scene3D\CrossHair</Filter>
    </ClCompile>
    <ClCompile Include="Source\Scene3D\CrossHair\MagazineHUD.cpp">
      <Filter>Scene3D\CrossHair</Filter>
    </ClCompile>
    <ClCompile Include="Source\CameraEffects\ExperienceBar.cpp">
      <Filter>CameraEffects</Filter>
    </ClCompile>
    <ClCompile Include="Source\CameraEffects\HealthBar.cpp">
      <Filter>CameraEffects</Filter>
    </ClCompile>
  </ItemGroup>
  <ItemGroup>
    <ClInclude Include="Source\SoundController\SoundController.h">
      <Filter>SoundController</Filter>
    </ClInclude>
    <ClInclude Include="Source\SoundController\SoundInfo.h">
      <Filter>SoundController</Filter>
    </ClInclude>
    <ClInclude Include="Source\CameraEffects\ArmorBar.h">
      <Filter>CameraEffects</Filter>
    </ClInclude>
    <ClInclude Include="Source\CameraEffects\CameraEffects.h">
      <Filter>CameraEffects</Filter>
    </ClInclude>
    <ClInclude Include="Source\CameraEffects\ExperienceBar.h">
      <Filter>CameraEffects</Filter>
    </ClInclude>
    <ClInclude Include="Source\CSVReader\CSVReader.h">
      <Filter>CSVReader</Filter>
    </ClInclude>
    <ClInclude Include="Source\CSVWriter\CSVWriter.h">
      <Filter>CSVWriter</Filter>
    </ClInclude>
    <ClInclude Include="Source\CameraEffects\InfectionBar.h">
      <Filter>CameraEffects</Filter>
    </ClInclude>
    <ClInclude Include="Source\Minimap\Minimap.h">
      <Filter>Minimap</Filter>
    </ClInclude>
    <ClInclude Include="Source\Scene3D\AmmoPickup.h">
      <Filter>Scene3D</Filter>
    </ClInclude>
    <ClInclude Include="Source\Application.h">
      <Filter>Scene3D</Filter>
    </ClInclude>
    <ClInclude Include="Source\Scene3D\ArmorPickup.h">
      <Filter>Scene3D</Filter>
    </ClInclude>
    <ClInclude Include="Source\Scene3D\Camera.h">
      <Filter>Scene3D</Filter>
    </ClInclude>
    <ClInclude Include="Source\Scene3D\Enemy3D.h">
      <Filter>Scene3D</Filter>
    </ClInclude>
    <ClInclude Include="Source\Scene3D\Enemy3D2.h">
      <Filter>Scene3D</Filter>
    </ClInclude>
    <ClInclude Include="Source\Scene3D\Enemy3D3.h">
      <Filter>Scene3D</Filter>
    </ClInclude>
    <ClInclude Include="Source\Scene3D\EnemyBoss3D.h">
      <Filter>Scene3D</Filter>
    </ClInclude>
    <ClInclude Include="Source\Scene3D\EntityManager.h">
      <Filter>Scene3D</Filter>
    </ClInclude>
    <ClInclude Include="Source\Scene3D\FreezeMovement.h">
      <Filter>Scene3D</Filter>
    </ClInclude>
    <ClInclude Include="Source\Scene3D\GroundMap.h">
      <Filter>Scene3D</Filter>
    </ClInclude>
    <ClInclude Include="Source\Scene3D\GroundTile.h">
      <Filter>Scene3D</Filter>
    </ClInclude>
    <ClInclude Include="Source\Scene3D\HealthPickup.h">
      <Filter>Scene3D</Filter>
    </ClInclude>
    <ClInclude Include="Source\Scene3D\Invincibility.h">
      <Filter>Scene3D</Filter>
    </ClInclude>
    <ClInclude Include="Source\Scene3D\MinigunPickup.h">
      <Filter>Scene3D</Filter>
    </ClInclude>
    <ClInclude Include="Source\Scene3D\Physics3D.h">
      <Filter>Scene3D</Filter>
    </ClInclude>
    <ClInclude Include="Source\Scene3D\Player3D.h">
      <Filter>Scene3D</Filter>
    </ClInclude>
    <ClInclude Include="Source\Scene3D\RiflePickup.h">
      <Filter>Scene3D</Filter>
    </ClInclude>
    <ClInclude Include="Source\Scene3D\Scene3D.h">
      <Filter>Scene3D</Filter>
    </ClInclude>
    <ClInclude Include="Source\Scene3D\SkyBox.h">
      <Filter>Scene3D</Filter>
    </ClInclude>
    <ClInclude Include="Source\Scene3D\SMGPickup.h">
      <Filter>Scene3D</Filter>
    </ClInclude>
    <ClInclude Include="Source\Scene3D\Structure3D.h">
      <Filter>Scene3D</Filter>
    </ClInclude>
    <ClInclude Include="Source\Scene3D\Structure3D_2.h">
      <Filter>Scene3D</Filter>
    </ClInclude>
    <ClInclude Include="Source\Scene3D\Structure3D_Tower.h">
      <Filter>Scene3D</Filter>
    </ClInclude>
    <ClInclude Include="Source\Scene3D\WeaponInfo\BarrelAttachment.h">
      <Filter>Scene3D\WeaponInfo</Filter>
    </ClInclude>
    <ClInclude Include="Source\Scene3D\WeaponInfo\MagazineAttachment.h">
      <Filter>Scene3D\WeaponInfo</Filter>
    </ClInclude>
    <ClInclude Include="Source\Scene3D\WeaponInfo\Minigun.h">
      <Filter>Scene3D\WeaponInfo</Filter>
    </ClInclude>
    <ClInclude Include="Source\Scene3D\WeaponInfo\Pistol.h">
      <Filter>Scene3D\WeaponInfo</Filter>
    </ClInclude>
    <ClInclude Include="Source\Scene3D\WeaponInfo\Projectile.h">
      <Filter>Scene3D\WeaponInfo</Filter>
    </ClInclude>
    <ClInclude Include="Source\Scene3D\WeaponInfo\Rifle.h">
      <Filter>Scene3D\WeaponInfo</Filter>
    </ClInclude>
    <ClInclude Include="Source\Scene3D\WeaponInfo\SMG.h">
      <Filter>Scene3D\WeaponInfo</Filter>
    </ClInclude>
    <ClInclude Include="Source\Scene3D\WeaponInfo\WeaponInfo.h">
      <Filter>Scene3D\WeaponInfo</Filter>
    </ClInclude>
    <ClInclude Include="Source\Scene3D\CrossHair\BarrelHUD.h">
      <Filter>Scene3D\CrossHair</Filter>
    </ClInclude>
    <ClInclude Include="Source\Scene3D\CrossHair\CrossHair.h">
      <Filter>Scene3D\CrossHair</Filter>
    </ClInclude>
    <ClInclude Include="Source\Scene3D\CrossHair\MagazineHUD.h">
      <Filter>Scene3D\CrossHair</Filter>
    </ClInclude>
    <ClInclude Include="Source\CameraEffects\HealthBar.h">
      <Filter>CameraEffects</Filter>
    </ClInclude>
  </ItemGroup>
  <ItemGroup>
    <Filter Include="CameraEffects">
      <UniqueIdentifier>{32f2014a-36e4-4313-83f4-d422331ae39d}</UniqueIdentifier>
    </Filter>
    <Filter Include="CSVReader">
      <UniqueIdentifier>{0a33d50d-ade8-467c-82a5-6d252d601e94}</UniqueIdentifier>
    </Filter>
    <Filter Include="CSVWriter">
      <UniqueIdentifier>{4f355afb-e74b-46d3-a96d-2d2eb0367925}</UniqueIdentifier>
    </Filter>
    <Filter Include="Minimap">
      <UniqueIdentifier>{60e7b190-0ea9-4c38-b64e-965c263e695c}</UniqueIdentifier>
    </Filter>
    <Filter Include="Scene3D">
      <UniqueIdentifier>{c944040f-e93a-41b5-8373-9285cc2630aa}</UniqueIdentifier>
    </Filter>
    <Filter Include="SoundController">
      <UniqueIdentifier>{17409744-f877-482a-8f05-1f4f6255ea45}</UniqueIdentifier>
    </Filter>
    <Filter Include="Scene3D\CrossHair">
      <UniqueIdentifier>{751e0b20-b2f0-45e0-8afd-5b27bb8e0ae9}</UniqueIdentifier>
    </Filter>
    <Filter Include="Scene3D\WeaponInfo">
      <UniqueIdentifier>{9d10410b-63ae-4267-9434-b3a802d6cfe5}</UniqueIdentifier>
    </Filter>
  </ItemGroup>
</Project>