<?xml version="1.0" encoding="utf-8"?>
<Project ToolsVersion="4.0" xmlns="http://schemas.microsoft.com/developer/msbuild/2003">
  <ItemGroup>
    <ClCompile Include="Source\Application.cpp" />
    <ClCompile Include="Source\CameraEffects\ArmorBar.cpp" />
    <ClCompile Include="Source\CameraEffects\CameraEffects.cpp" />
    <ClCompile Include="Source\CameraEffects\HealthBar.cpp" />
    <ClCompile Include="Source\CameraEffects\ProgressBar.cpp" />
    <ClCompile Include="Source\CSVReader\CSVReader.cpp" />
    <ClCompile Include="Source\CSVWriter\CSVWriter.cpp" />
    <ClCompile Include="Source\main.cpp" />
    <ClCompile Include="Source\Minimap\Minimap.cpp" />
    <ClCompile Include="Source\Scene3D\Camera.cpp" />
    <ClCompile Include="Source\Scene3D\CrossHair\CrossHair.cpp" />
    <ClCompile Include="Source\Scene3D\Enemy3D.cpp" />
    <ClCompile Include="Source\Scene3D\EnemyBoss3D.cpp" />
    <ClCompile Include="Source\Scene3D\EntityManager.cpp" />
    <ClCompile Include="Source\Scene3D\GroundMap.cpp" />
    <ClCompile Include="Source\Scene3D\GroundTile.cpp" />
    <ClCompile Include="Source\Scene3D\HealthPickup.cpp" />
    <ClCompile Include="Source\Scene3D\Physics3D.cpp" />
    <ClCompile Include="Source\Scene3D\Player3D.cpp" />
    <ClCompile Include="Source\Scene3D\PowerUp.cpp" />
    <ClCompile Include="Source\Scene3D\Scene3D.cpp" />
    <ClCompile Include="Source\Scene3D\SkyBox.cpp" />
    <ClCompile Include="Source\Scene3D\Structure3D.cpp" />
    <ClCompile Include="Source\Scene3D\Structure3D_2.cpp" />
    <ClCompile Include="Source\Scene3D\Structure3D_Tower.cpp" />
    <ClCompile Include="Source\Scene3D\WeaponInfo\Pistol.cpp" />
    <ClCompile Include="Source\Scene3D\WeaponInfo\Projectile.cpp" />
    <ClCompile Include="Source\Scene3D\WeaponInfo\Rifle.cpp" />
    <ClCompile Include="Source\Scene3D\WeaponInfo\WeaponInfo.cpp" />
    <ClCompile Include="Source\SoundController\SoundController.cpp" />
    <ClCompile Include="Source\SoundController\SoundInfo.cpp" />
    <ClCompile Include="Source\Scene3D\Enemy3D2.cpp" />
    <ClCompile Include="Source\Scene3D\Enemy3D3.cpp" />
    <ClCompile Include="Source\Scene3D\ArmorPickup.cpp" />
  </ItemGroup>
  <ItemGroup>
    <ClInclude Include="Source\Application.h" />
    <ClInclude Include="Source\CameraEffects\ArmorBar.h" />
    <ClInclude Include="Source\CameraEffects\CameraEffects.h" />
    <ClInclude Include="Source\CameraEffects\HealthBar.h" />
    <ClInclude Include="Source\CameraEffects\ProgressBar.h" />
    <ClInclude Include="Source\CSVReader\CSVReader.h" />
    <ClInclude Include="Source\CSVWriter\CSVWriter.h" />
    <ClInclude Include="Source\Minimap\Minimap.h" />
    <ClInclude Include="Source\Scene3D\ArmorPickup.h" />
    <ClInclude Include="Source\Scene3D\Camera.h" />
    <ClInclude Include="Source\Scene3D\CrossHair\CrossHair.h" />
    <ClInclude Include="Source\Scene3D\Enemy3D.h" />
    <ClInclude Include="Source\Scene3D\EnemyBoss3D.h" />
    <ClInclude Include="Source\Scene3D\EntityManager.h" />
    <ClInclude Include="Source\Scene3D\GroundMap.h" />
    <ClInclude Include="Source\Scene3D\GroundTile.h" />
    <ClInclude Include="Source\Scene3D\HealthPickup.h" />
    <ClInclude Include="Source\Scene3D\Physics3D.h" />
    <ClInclude Include="Source\Scene3D\Player3D.h" />
    <ClInclude Include="Source\Scene3D\PowerUp.h" />
    <ClInclude Include="Source\Scene3D\Scene3D.h" />
    <ClInclude Include="Source\Scene3D\SkyBox.h" />
    <ClInclude Include="Source\Scene3D\Structure3D.h" />
    <ClInclude Include="Source\Scene3D\Structure3D_2.h" />
    <ClInclude Include="Source\Scene3D\Structure3D_Tower.h" />
    <ClInclude Include="Source\Scene3D\WeaponInfo\Pistol.h" />
    <ClInclude Include="Source\Scene3D\WeaponInfo\Projectile.h" />
    <ClInclude Include="Source\Scene3D\WeaponInfo\Rifle.h" />
    <ClInclude Include="Source\Scene3D\WeaponInfo\WeaponInfo.h" />
    <ClInclude Include="Source\SoundController\SoundController.h" />
    <ClInclude Include="Source\SoundController\SoundInfo.h" />
    <ClInclude Include="Source\Scene3D\Enemy3D2.h" />
    <ClInclude Include="Source\Scene3D\Enemy3D3.h" />
  </ItemGroup>
</Project>